{
    "version": 3,
    "terraform_version": "0.11.2",
    "serial": 2,
    "lineage": "dbd4fcb9-8962-40c1-9a7c-088d7457991d",
    "modules": [
        {
            "path": [
                "root"
            ],
            "outputs": {
                "alb_hostname": {
                    "sensitive": false,
                    "type": "string",
                    "value": "cb-load-balancer-136582547.us-east-1.elb.amazonaws.com"
                }
            },
            "resources": {
                "aws_alb.main": {
                    "type": "aws_alb",
                    "depends_on": [
                        "aws_security_group.lb",
                        "aws_subnet.public.*"
                    ],
                    "primary": {
                        "id": "arn:aws:elasticloadbalancing:us-east-1:448811623389:loadbalancer/app/cb-load-balancer/028f09f990562f75",
                        "attributes": {
                            "access_logs.#": "0",
                            "arn": "arn:aws:elasticloadbalancing:us-east-1:448811623389:loadbalancer/app/cb-load-balancer/028f09f990562f75",
                            "arn_suffix": "app/cb-load-balancer/028f09f990562f75",
                            "dns_name": "cb-load-balancer-136582547.us-east-1.elb.amazonaws.com",
                            "enable_deletion_protection": "false",
                            "enable_http2": "true",
                            "id": "arn:aws:elasticloadbalancing:us-east-1:448811623389:loadbalancer/app/cb-load-balancer/028f09f990562f75",
                            "idle_timeout": "60",
                            "internal": "false",
                            "ip_address_type": "ipv4",
                            "load_balancer_type": "application",
                            "name": "cb-load-balancer",
                            "security_groups.#": "1",
                            "security_groups.4182293592": "sg-058fd737078ff2671",
                            "subnet_mapping.#": "0",
                            "subnets.#": "2",
                            "subnets.2192881365": "subnet-0a9d3addd53a9e9fa",
                            "subnets.591658447": "subnet-0dc79f10f9f063688",
                            "tags.%": "0",
                            "vpc_id": "vpc-0d24674dd0c85f8ca",
                            "zone_id": "Z35SXDOTRQ7X7K"
                        },
                        "meta": {
                            "e2bfb730-ecaa-11e6-8f88-34363bc7c4c0": {
                                "create": 600000000000,
                                "delete": 600000000000,
                                "update": 600000000000
                            }
                        },
                        "tainted": false
                    },
                    "deposed": [],
                    "provider": "provider.aws"
                },
                "aws_alb_listener.front_end": {
                    "type": "aws_alb_listener",
                    "depends_on": [
                        "aws_alb.main",
                        "aws_alb_target_group.app"
                    ],
                    "primary": {
                        "id": "arn:aws:elasticloadbalancing:us-east-1:448811623389:listener/app/cb-load-balancer/028f09f990562f75/6078bb4fda398e68",
                        "attributes": {
                            "arn": "arn:aws:elasticloadbalancing:us-east-1:448811623389:listener/app/cb-load-balancer/028f09f990562f75/6078bb4fda398e68",
                            "default_action.#": "1",
                            "default_action.0.authenticate_cognito.#": "0",
                            "default_action.0.authenticate_oidc.#": "0",
                            "default_action.0.fixed_response.#": "0",
                            "default_action.0.order": "1",
                            "default_action.0.redirect.#": "0",
                            "default_action.0.target_group_arn": "arn:aws:elasticloadbalancing:us-east-1:448811623389:targetgroup/cb-target-group/ac5facb92e412927",
                            "default_action.0.type": "forward",
                            "id": "arn:aws:elasticloadbalancing:us-east-1:448811623389:listener/app/cb-load-balancer/028f09f990562f75/6078bb4fda398e68",
                            "load_balancer_arn": "arn:aws:elasticloadbalancing:us-east-1:448811623389:loadbalancer/app/cb-load-balancer/028f09f990562f75",
                            "port": "80",
                            "protocol": "HTTP",
                            "ssl_policy": ""
                        },
                        "meta": {
                            "e2bfb730-ecaa-11e6-8f88-34363bc7c4c0": {
                                "read": 600000000000
                            }
                        },
                        "tainted": false
                    },
                    "deposed": [],
                    "provider": "provider.aws"
                },
                "aws_alb_target_group.app": {
                    "type": "aws_alb_target_group",
                    "depends_on": [
                        "aws_vpc.main"
                    ],
                    "primary": {
                        "id": "arn:aws:elasticloadbalancing:us-east-1:448811623389:targetgroup/cb-target-group/ac5facb92e412927",
                        "attributes": {
                            "arn": "arn:aws:elasticloadbalancing:us-east-1:448811623389:targetgroup/cb-target-group/ac5facb92e412927",
                            "arn_suffix": "targetgroup/cb-target-group/ac5facb92e412927",
                            "deregistration_delay": "300",
                            "health_check.#": "1",
                            "health_check.0.healthy_threshold": "3",
                            "health_check.0.interval": "30",
                            "health_check.0.matcher": "200",
                            "health_check.0.path": "/",
                            "health_check.0.port": "traffic-port",
                            "health_check.0.protocol": "HTTP",
                            "health_check.0.timeout": "3",
                            "health_check.0.unhealthy_threshold": "2",
                            "id": "arn:aws:elasticloadbalancing:us-east-1:448811623389:targetgroup/cb-target-group/ac5facb92e412927",
                            "name": "cb-target-group",
                            "port": "80",
                            "protocol": "HTTP",
                            "proxy_protocol_v2": "false",
                            "slow_start": "0",
                            "stickiness.#": "1",
                            "stickiness.0.cookie_duration": "86400",
                            "stickiness.0.enabled": "false",
                            "stickiness.0.type": "lb_cookie",
                            "tags.%": "0",
                            "target_type": "ip",
                            "vpc_id": "vpc-0d24674dd0c85f8ca"
                        },
                        "meta": {},
                        "tainted": false
                    },
                    "deposed": [],
                    "provider": "provider.aws"
                },
                "aws_appautoscaling_policy.down": {
                    "type": "aws_appautoscaling_policy",
                    "depends_on": [
                        "aws_appautoscaling_target.target",
                        "aws_ecs_cluster.main",
                        "aws_ecs_service.main"
                    ],
                    "primary": {
                        "id": "cb_scale_down",
                        "attributes": {
                            "alarms.#": "0",
                            "arn": "arn:aws:autoscaling:us-east-1:448811623389:scalingPolicy:7a6cce8b-ac30-4e7f-a18e-8dca7002b6e3:resource/ecs/service/cb-cluster/cb-service:policyName/cb_scale_down",
                            "id": "cb_scale_down",
                            "name": "cb_scale_down",
                            "policy_type": "StepScaling",
                            "resource_id": "service/cb-cluster/cb-service",
                            "scalable_dimension": "ecs:service:DesiredCount",
                            "service_namespace": "ecs",
                            "step_scaling_policy_configuration.#": "1",
                            "step_scaling_policy_configuration.0.adjustment_type": "ChangeInCapacity",
                            "step_scaling_policy_configuration.0.cooldown": "60",
                            "step_scaling_policy_configuration.0.metric_aggregation_type": "Maximum",
                            "step_scaling_policy_configuration.0.min_adjustment_magnitude": "0",
                            "step_scaling_policy_configuration.0.step_adjustment.#": "1",
                            "step_scaling_policy_configuration.0.step_adjustment.453260054.metric_interval_lower_bound": "0",
                            "step_scaling_policy_configuration.0.step_adjustment.453260054.metric_interval_upper_bound": "",
                            "step_scaling_policy_configuration.0.step_adjustment.453260054.scaling_adjustment": "-1",
                            "target_tracking_scaling_policy_configuration.#": "0"
                        },
                        "meta": {},
                        "tainted": false
                    },
                    "deposed": [],
                    "provider": "provider.aws"
                },
                "aws_appautoscaling_policy.up": {
                    "type": "aws_appautoscaling_policy",
                    "depends_on": [
                        "aws_appautoscaling_target.target",
                        "aws_ecs_cluster.main",
                        "aws_ecs_service.main"
                    ],
                    "primary": {
                        "id": "cb_scale_up",
                        "attributes": {
                            "alarms.#": "0",
                            "arn": "arn:aws:autoscaling:us-east-1:448811623389:scalingPolicy:7a6cce8b-ac30-4e7f-a18e-8dca7002b6e3:resource/ecs/service/cb-cluster/cb-service:policyName/cb_scale_up",
                            "id": "cb_scale_up",
                            "name": "cb_scale_up",
                            "policy_type": "StepScaling",
                            "resource_id": "service/cb-cluster/cb-service",
                            "scalable_dimension": "ecs:service:DesiredCount",
                            "service_namespace": "ecs",
                            "step_scaling_policy_configuration.#": "1",
                            "step_scaling_policy_configuration.0.adjustment_type": "ChangeInCapacity",
                            "step_scaling_policy_configuration.0.cooldown": "60",
                            "step_scaling_policy_configuration.0.metric_aggregation_type": "Maximum",
                            "step_scaling_policy_configuration.0.min_adjustment_magnitude": "0",
                            "step_scaling_policy_configuration.0.step_adjustment.#": "1",
                            "step_scaling_policy_configuration.0.step_adjustment.207530251.metric_interval_lower_bound": "0",
                            "step_scaling_policy_configuration.0.step_adjustment.207530251.metric_interval_upper_bound": "",
                            "step_scaling_policy_configuration.0.step_adjustment.207530251.scaling_adjustment": "1",
                            "target_tracking_scaling_policy_configuration.#": "0"
                        },
                        "meta": {},
                        "tainted": false
                    },
                    "deposed": [],
                    "provider": "provider.aws"
                },
                "aws_appautoscaling_target.target": {
                    "type": "aws_appautoscaling_target",
                    "depends_on": [
                        "aws_ecs_cluster.main",
                        "aws_ecs_service.main"
                    ],
                    "primary": {
                        "id": "service/cb-cluster/cb-service",
                        "attributes": {
                            "id": "service/cb-cluster/cb-service",
                            "max_capacity": "4",
                            "min_capacity": "2",
                            "resource_id": "service/cb-cluster/cb-service",
                            "role_arn": "arn:aws:iam::448811623389:role/aws-service-role/ecs.application-autoscaling.amazonaws.com/AWSServiceRoleForApplicationAutoScaling_ECSService",
                            "scalable_dimension": "ecs:service:DesiredCount",
                            "service_namespace": "ecs"
                        },
                        "meta": {},
                        "tainted": false
                    },
                    "deposed": [],
                    "provider": "provider.aws"
                },
                "aws_cloudwatch_log_group.cb_log_group": {
                    "type": "aws_cloudwatch_log_group",
                    "depends_on": [],
                    "primary": {
                        "id": "/ecs/cb-app",
                        "attributes": {
                            "arn": "arn:aws:logs:us-east-1:448811623389:log-group:/ecs/cb-app:*",
                            "id": "/ecs/cb-app",
                            "kms_key_id": "",
                            "name": "/ecs/cb-app",
                            "retention_in_days": "30",
                            "tags.%": "1",
                            "tags.Name": "cb-log-group"
                        },
                        "meta": {},
                        "tainted": false
                    },
                    "deposed": [],
                    "provider": "provider.aws"
                },
                "aws_cloudwatch_log_stream.cb_log_stream": {
                    "type": "aws_cloudwatch_log_stream",
                    "depends_on": [
                        "aws_cloudwatch_log_group.cb_log_group"
                    ],
                    "primary": {
                        "id": "cb-log-stream",
                        "attributes": {
                            "arn": "arn:aws:logs:us-east-1:448811623389:log-group:/ecs/cb-app:log-stream:cb-log-stream",
                            "id": "cb-log-stream",
                            "log_group_name": "/ecs/cb-app",
                            "name": "cb-log-stream"
                        },
                        "meta": {},
                        "tainted": false
                    },
                    "deposed": [],
                    "provider": "provider.aws"
                },
                "aws_cloudwatch_metric_alarm.service_cpu_high": {
                    "type": "aws_cloudwatch_metric_alarm",
                    "depends_on": [
                        "aws_appautoscaling_policy.up",
                        "aws_ecs_cluster.main",
                        "aws_ecs_service.main"
                    ],
                    "primary": {
                        "id": "cb_cpu_utilization_high",
                        "attributes": {
                            "actions_enabled": "true",
                            "alarm_actions.#": "1",
                            "alarm_actions.2715183827": "arn:aws:autoscaling:us-east-1:448811623389:scalingPolicy:7a6cce8b-ac30-4e7f-a18e-8dca7002b6e3:resource/ecs/service/cb-cluster/cb-service:policyName/cb_scale_up",
                            "alarm_description": "",
                            "alarm_name": "cb_cpu_utilization_high",
                            "arn": "arn:aws:cloudwatch:us-east-1:448811623389:alarm:cb_cpu_utilization_high",
                            "comparison_operator": "GreaterThanOrEqualToThreshold",
                            "datapoints_to_alarm": "0",
                            "dimensions.%": "2",
                            "dimensions.ClusterName": "cb-cluster",
                            "dimensions.ServiceName": "cb-service",
                            "evaluate_low_sample_count_percentiles": "",
                            "evaluation_periods": "2",
                            "extended_statistic": "",
                            "id": "cb_cpu_utilization_high",
                            "insufficient_data_actions.#": "0",
                            "metric_name": "CPUUtilization",
                            "namespace": "AWS/ECS",
                            "ok_actions.#": "0",
                            "period": "60",
                            "statistic": "Average",
                            "threshold": "85",
                            "treat_missing_data": "missing",
                            "unit": ""
                        },
                        "meta": {
                            "schema_version": "1"
                        },
                        "tainted": false
                    },
                    "deposed": [],
                    "provider": "provider.aws"
                },
                "aws_cloudwatch_metric_alarm.service_cpu_low": {
                    "type": "aws_cloudwatch_metric_alarm",
                    "depends_on": [
                        "aws_appautoscaling_policy.down",
                        "aws_ecs_cluster.main",
                        "aws_ecs_service.main"
                    ],
                    "primary": {
                        "id": "cb_cpu_utilization_low",
                        "attributes": {
                            "actions_enabled": "true",
                            "alarm_actions.#": "1",
                            "alarm_actions.1929435754": "arn:aws:autoscaling:us-east-1:448811623389:scalingPolicy:7a6cce8b-ac30-4e7f-a18e-8dca7002b6e3:resource/ecs/service/cb-cluster/cb-service:policyName/cb_scale_down",
                            "alarm_description": "",
                            "alarm_name": "cb_cpu_utilization_low",
                            "arn": "arn:aws:cloudwatch:us-east-1:448811623389:alarm:cb_cpu_utilization_low",
                            "comparison_operator": "LessThanOrEqualToThreshold",
                            "datapoints_to_alarm": "0",
                            "dimensions.%": "2",
                            "dimensions.ClusterName": "cb-cluster",
                            "dimensions.ServiceName": "cb-service",
                            "evaluate_low_sample_count_percentiles": "",
                            "evaluation_periods": "2",
                            "extended_statistic": "",
                            "id": "cb_cpu_utilization_low",
                            "insufficient_data_actions.#": "0",
                            "metric_name": "CPUUtilization",
                            "namespace": "AWS/ECS",
                            "ok_actions.#": "0",
                            "period": "60",
                            "statistic": "Average",
                            "threshold": "10",
                            "treat_missing_data": "missing",
                            "unit": ""
                        },
                        "meta": {
                            "schema_version": "1"
                        },
                        "tainted": false
                    },
                    "deposed": [],
                    "provider": "provider.aws"
                },
                "aws_ecs_cluster.main": {
                    "type": "aws_ecs_cluster",
                    "depends_on": [],
                    "primary": {
                        "id": "arn:aws:ecs:us-east-1:448811623389:cluster/cb-cluster",
                        "attributes": {
                            "arn": "arn:aws:ecs:us-east-1:448811623389:cluster/cb-cluster",
                            "id": "arn:aws:ecs:us-east-1:448811623389:cluster/cb-cluster",
                            "name": "cb-cluster",
                            "tags.%": "0"
                        },
                        "meta": {},
                        "tainted": false
                    },
                    "deposed": [],
                    "provider": "provider.aws"
                },
                "aws_ecs_service.main": {
                    "type": "aws_ecs_service",
                    "depends_on": [
                        "aws_alb_listener.front_end",
                        "aws_alb_target_group.app",
                        "aws_ecs_cluster.main",
                        "aws_ecs_task_definition.app",
                        "aws_security_group.ecs_tasks",
                        "aws_subnet.private.*"
                    ],
                    "primary": {
                        "id": "arn:aws:ecs:us-east-1:448811623389:service/cb-service",
                        "attributes": {
                            "cluster": "arn:aws:ecs:us-east-1:448811623389:cluster/cb-cluster",
                            "deployment_controller.#": "1",
                            "deployment_controller.0.type": "ECS",
                            "deployment_maximum_percent": "200",
                            "deployment_minimum_healthy_percent": "100",
                            "desired_count": "2",
                            "enable_ecs_managed_tags": "false",
                            "health_check_grace_period_seconds": "0",
                            "iam_role": "aws-service-role",
                            "id": "arn:aws:ecs:us-east-1:448811623389:service/cb-service",
                            "launch_type": "FARGATE",
                            "load_balancer.#": "1",
                            "load_balancer.3571587504.container_name": "cb-app",
                            "load_balancer.3571587504.container_port": "80",
                            "load_balancer.3571587504.elb_name": "",
                            "load_balancer.3571587504.target_group_arn": "arn:aws:elasticloadbalancing:us-east-1:448811623389:targetgroup/cb-target-group/ac5facb92e412927",
                            "name": "cb-service",
                            "network_configuration.#": "1",
                            "network_configuration.0.assign_public_ip": "true",
                            "network_configuration.0.security_groups.#": "1",
                            "network_configuration.0.security_groups.1802205053": "sg-0ef4c1d7db3b81571",
                            "network_configuration.0.subnets.#": "2",
                            "network_configuration.0.subnets.2716428471": "subnet-014eeb76ca373a1df",
                            "network_configuration.0.subnets.3611573395": "subnet-009bafdade1db57ee",
                            "ordered_placement_strategy.#": "0",
                            "placement_constraints.#": "0",
                            "platform_version": "LATEST",
                            "propagate_tags": "NONE",
                            "scheduling_strategy": "REPLICA",
                            "service_registries.#": "0",
                            "tags.%": "0",
                            "task_definition": "arn:aws:ecs:us-east-1:448811623389:task-definition/cb-app-task:1"
                        },
                        "meta": {},
                        "tainted": false
                    },
                    "deposed": [],
                    "provider": "provider.aws"
                },
                "aws_ecs_task_definition.app": {
                    "type": "aws_ecs_task_definition",
                    "depends_on": [
                        "data.template_file.cb_app"
                    ],
                    "primary": {
                        "id": "cb-app-task",
                        "attributes": {
                            "arn": "arn:aws:ecs:us-east-1:448811623389:task-definition/cb-app-task:1",
                            "container_definitions": "[{\"cpu\":1024,\"environment\":[],\"essential\":true,\"image\":\"448811623389.dkr.ecr.us-east-1.amazonaws.com/qa-nginx:latest\",\"logConfiguration\":{\"logDriver\":\"awslogs\",\"options\":{\"awslogs-group\":\"/ecs/cb-app\",\"awslogs-region\":\"us-east-1\",\"awslogs-stream-prefix\":\"ecs\"}},\"memory\":2048,\"mountPoints\":[],\"name\":\"cb-app\",\"portMappings\":[{\"containerPort\":80,\"hostPort\":80,\"protocol\":\"tcp\"}],\"volumesFrom\":[]}]",
                            "cpu": "1024",
                            "execution_role_arn": "arn:aws:iam::448811623389:role/ecs_task_execution_role",
                            "family": "cb-app-task",
                            "id": "cb-app-task",
                            "memory": "2048",
                            "network_mode": "awsvpc",
                            "placement_constraints.#": "0",
                            "requires_compatibilities.#": "1",
                            "requires_compatibilities.3072437307": "FARGATE",
                            "revision": "1",
                            "tags.%": "0",
                            "task_role_arn": "",
                            "volume.#": "0"
                        },
                        "meta": {
                            "schema_version": "1"
                        },
                        "tainted": false
                    },
                    "deposed": [],
                    "provider": "provider.aws"
                },
                "aws_eip.gw.0": {
                    "type": "aws_eip",
                    "depends_on": [
                        "aws_internet_gateway.gw"
                    ],
                    "primary": {
                        "id": "eipalloc-0fe198ca3f87da80d",
                        "attributes": {
                            "association_id": "",
                            "domain": "vpc",
                            "id": "eipalloc-0fe198ca3f87da80d",
                            "instance": "",
                            "network_interface": "",
                            "private_ip": "",
                            "public_ip": "3.94.245.249",
                            "public_ipv4_pool": "amazon",
                            "tags.%": "0",
                            "vpc": "true"
                        },
                        "meta": {
                            "e2bfb730-ecaa-11e6-8f88-34363bc7c4c0": {
                                "delete": 180000000000,
                                "read": 900000000000,
                                "update": 300000000000
                            }
                        },
                        "tainted": false
                    },
                    "deposed": [],
                    "provider": "provider.aws"
                },
                "aws_eip.gw.1": {
                    "type": "aws_eip",
                    "depends_on": [
                        "aws_internet_gateway.gw"
                    ],
                    "primary": {
                        "id": "eipalloc-0114ef97f770123ea",
                        "attributes": {
                            "association_id": "",
                            "domain": "vpc",
                            "id": "eipalloc-0114ef97f770123ea",
                            "instance": "",
                            "network_interface": "",
                            "private_ip": "",
                            "public_ip": "35.169.175.112",
                            "public_ipv4_pool": "amazon",
                            "tags.%": "0",
                            "vpc": "true"
                        },
                        "meta": {
                            "e2bfb730-ecaa-11e6-8f88-34363bc7c4c0": {
                                "delete": 180000000000,
                                "read": 900000000000,
                                "update": 300000000000
                            }
                        },
                        "tainted": false
                    },
                    "deposed": [],
                    "provider": "provider.aws"
                },
                "aws_internet_gateway.gw": {
                    "type": "aws_internet_gateway",
                    "depends_on": [
                        "aws_vpc.main"
                    ],
                    "primary": {
                        "id": "igw-0265fc39a6418a174",
                        "attributes": {
                            "id": "igw-0265fc39a6418a174",
                            "owner_id": "448811623389",
                            "tags.%": "0",
                            "vpc_id": "vpc-0d24674dd0c85f8ca"
                        },
                        "meta": {},
                        "tainted": false
                    },
                    "deposed": [],
                    "provider": "provider.aws"
                },
                "aws_nat_gateway.gw.0": {
                    "type": "aws_nat_gateway",
                    "depends_on": [
                        "aws_eip.gw.*",
                        "aws_subnet.public.*"
                    ],
                    "primary": {
                        "id": "nat-0025fb80a386aceca",
                        "attributes": {
                            "allocation_id": "eipalloc-0fe198ca3f87da80d",
                            "id": "nat-0025fb80a386aceca",
                            "network_interface_id": "eni-0f632f9e75801ce45",
                            "private_ip": "172.17.2.233",
                            "public_ip": "3.94.245.249",
                            "subnet_id": "subnet-0a9d3addd53a9e9fa",
                            "tags.%": "0"
                        },
                        "meta": {},
                        "tainted": false
                    },
                    "deposed": [],
                    "provider": "provider.aws"
                },
                "aws_nat_gateway.gw.1": {
                    "type": "aws_nat_gateway",
                    "depends_on": [
                        "aws_eip.gw.*",
                        "aws_subnet.public.*"
                    ],
                    "primary": {
                        "id": "nat-0a2ad4b2b0c2dfbda",
                        "attributes": {
                            "allocation_id": "eipalloc-0114ef97f770123ea",
                            "id": "nat-0a2ad4b2b0c2dfbda",
                            "network_interface_id": "eni-0a5126de5aafd8336",
                            "private_ip": "172.17.3.222",
                            "public_ip": "35.169.175.112",
                            "subnet_id": "subnet-0dc79f10f9f063688",
                            "tags.%": "0"
                        },
                        "meta": {},
                        "tainted": false
                    },
                    "deposed": [],
                    "provider": "provider.aws"
                },
                "aws_route.internet_access": {
                    "type": "aws_route",
                    "depends_on": [
                        "aws_internet_gateway.gw",
                        "aws_vpc.main"
                    ],
                    "primary": {
                        "id": "r-rtb-030bd54ff1b20e3cd1080289494",
                        "attributes": {
                            "destination_cidr_block": "0.0.0.0/0",
                            "destination_prefix_list_id": "",
                            "egress_only_gateway_id": "",
                            "gateway_id": "igw-0265fc39a6418a174",
                            "id": "r-rtb-030bd54ff1b20e3cd1080289494",
                            "instance_id": "",
                            "instance_owner_id": "",
                            "nat_gateway_id": "",
                            "network_interface_id": "",
                            "origin": "CreateRoute",
                            "route_table_id": "rtb-030bd54ff1b20e3cd",
                            "state": "active",
                            "transit_gateway_id": "",
                            "vpc_peering_connection_id": ""
                        },
                        "meta": {
                            "e2bfb730-ecaa-11e6-8f88-34363bc7c4c0": {
                                "create": 120000000000,
                                "delete": 300000000000
                            }
                        },
                        "tainted": false
                    },
                    "deposed": [],
                    "provider": "provider.aws"
                },
                "aws_route_table.private.0": {
                    "type": "aws_route_table",
                    "depends_on": [
                        "aws_nat_gateway.gw.*",
                        "aws_vpc.main"
                    ],
                    "primary": {
                        "id": "rtb-0f0fc9bed60804ca7",
                        "attributes": {
                            "id": "rtb-0f0fc9bed60804ca7",
                            "owner_id": "448811623389",
                            "propagating_vgws.#": "0",
                            "route.#": "1",
                            "route.2737335021.cidr_block": "0.0.0.0/0",
                            "route.2737335021.egress_only_gateway_id": "",
                            "route.2737335021.gateway_id": "",
                            "route.2737335021.instance_id": "",
                            "route.2737335021.ipv6_cidr_block": "",
                            "route.2737335021.nat_gateway_id": "nat-0025fb80a386aceca",
                            "route.2737335021.network_interface_id": "",
                            "route.2737335021.transit_gateway_id": "",
                            "route.2737335021.vpc_peering_connection_id": "",
                            "tags.%": "0",
                            "vpc_id": "vpc-0d24674dd0c85f8ca"
                        },
                        "meta": {},
                        "tainted": false
                    },
                    "deposed": [],
                    "provider": "provider.aws"
                },
                "aws_route_table.private.1": {
                    "type": "aws_route_table",
                    "depends_on": [
                        "aws_nat_gateway.gw.*",
                        "aws_vpc.main"
                    ],
                    "primary": {
                        "id": "rtb-08737f5781a51adc1",
                        "attributes": {
                            "id": "rtb-08737f5781a51adc1",
                            "owner_id": "448811623389",
                            "propagating_vgws.#": "0",
                            "route.#": "1",
                            "route.2299448337.cidr_block": "0.0.0.0/0",
                            "route.2299448337.egress_only_gateway_id": "",
                            "route.2299448337.gateway_id": "",
                            "route.2299448337.instance_id": "",
                            "route.2299448337.ipv6_cidr_block": "",
                            "route.2299448337.nat_gateway_id": "nat-0a2ad4b2b0c2dfbda",
                            "route.2299448337.network_interface_id": "",
                            "route.2299448337.transit_gateway_id": "",
                            "route.2299448337.vpc_peering_connection_id": "",
                            "tags.%": "0",
                            "vpc_id": "vpc-0d24674dd0c85f8ca"
                        },
                        "meta": {},
                        "tainted": false
                    },
                    "deposed": [],
                    "provider": "provider.aws"
                },
                "aws_route_table_association.private.0": {
                    "type": "aws_route_table_association",
                    "depends_on": [
                        "aws_route_table.private.*",
                        "aws_subnet.private.*"
                    ],
                    "primary": {
                        "id": "rtbassoc-07f3748d54f888e02",
                        "attributes": {
                            "id": "rtbassoc-07f3748d54f888e02",
                            "route_table_id": "rtb-0f0fc9bed60804ca7",
                            "subnet_id": "subnet-014eeb76ca373a1df"
                        },
                        "meta": {},
                        "tainted": false
                    },
                    "deposed": [],
                    "provider": "provider.aws"
                },
                "aws_route_table_association.private.1": {
                    "type": "aws_route_table_association",
                    "depends_on": [
                        "aws_route_table.private.*",
                        "aws_subnet.private.*"
                    ],
                    "primary": {
                        "id": "rtbassoc-00ab9eb14aebbe2e9",
                        "attributes": {
                            "id": "rtbassoc-00ab9eb14aebbe2e9",
                            "route_table_id": "rtb-08737f5781a51adc1",
                            "subnet_id": "subnet-009bafdade1db57ee"
                        },
                        "meta": {},
                        "tainted": false
                    },
                    "deposed": [],
                    "provider": "provider.aws"
                },
                "aws_security_group.ecs_tasks": {
                    "type": "aws_security_group",
                    "depends_on": [
                        "aws_security_group.lb",
                        "aws_vpc.main"
                    ],
                    "primary": {
                        "id": "sg-0ef4c1d7db3b81571",
                        "attributes": {
                            "arn": "arn:aws:ec2:us-east-1:448811623389:security-group/sg-0ef4c1d7db3b81571",
                            "description": "allow inbound access from the ALB only",
                            "egress.#": "1",
                            "egress.482069346.cidr_blocks.#": "1",
                            "egress.482069346.cidr_blocks.0": "0.0.0.0/0",
                            "egress.482069346.description": "",
                            "egress.482069346.from_port": "0",
                            "egress.482069346.ipv6_cidr_blocks.#": "0",
                            "egress.482069346.prefix_list_ids.#": "0",
                            "egress.482069346.protocol": "-1",
                            "egress.482069346.security_groups.#": "0",
                            "egress.482069346.self": "false",
                            "egress.482069346.to_port": "0",
                            "id": "sg-0ef4c1d7db3b81571",
                            "ingress.#": "1",
                            "ingress.3481211445.cidr_blocks.#": "0",
                            "ingress.3481211445.description": "",
                            "ingress.3481211445.from_port": "80",
                            "ingress.3481211445.ipv6_cidr_blocks.#": "0",
                            "ingress.3481211445.prefix_list_ids.#": "0",
                            "ingress.3481211445.protocol": "tcp",
                            "ingress.3481211445.security_groups.#": "1",
                            "ingress.3481211445.security_groups.4182293592": "sg-058fd737078ff2671",
                            "ingress.3481211445.self": "false",
                            "ingress.3481211445.to_port": "80",
                            "name": "cb-ecs-tasks-security-group",
                            "owner_id": "448811623389",
                            "revoke_rules_on_delete": "false",
                            "tags.%": "0",
                            "vpc_id": "vpc-0d24674dd0c85f8ca"
                        },
                        "meta": {
                            "e2bfb730-ecaa-11e6-8f88-34363bc7c4c0": {
                                "create": 600000000000,
                                "delete": 600000000000
                            },
                            "schema_version": "1"
                        },
                        "tainted": false
                    },
                    "deposed": [],
                    "provider": "provider.aws"
                },
                "aws_security_group.lb": {
                    "type": "aws_security_group",
                    "depends_on": [
                        "aws_vpc.main"
                    ],
                    "primary": {
                        "id": "sg-058fd737078ff2671",
                        "attributes": {
                            "arn": "arn:aws:ec2:us-east-1:448811623389:security-group/sg-058fd737078ff2671",
                            "description": "controls access to the ALB",
                            "egress.#": "1",
                            "egress.482069346.cidr_blocks.#": "1",
                            "egress.482069346.cidr_blocks.0": "0.0.0.0/0",
                            "egress.482069346.description": "",
                            "egress.482069346.from_port": "0",
                            "egress.482069346.ipv6_cidr_blocks.#": "0",
                            "egress.482069346.prefix_list_ids.#": "0",
                            "egress.482069346.protocol": "-1",
                            "egress.482069346.security_groups.#": "0",
                            "egress.482069346.self": "false",
                            "egress.482069346.to_port": "0",
                            "id": "sg-058fd737078ff2671",
                            "ingress.#": "1",
                            "ingress.2214680975.cidr_blocks.#": "1",
                            "ingress.2214680975.cidr_blocks.0": "0.0.0.0/0",
                            "ingress.2214680975.description": "",
                            "ingress.2214680975.from_port": "80",
                            "ingress.2214680975.ipv6_cidr_blocks.#": "0",
                            "ingress.2214680975.prefix_list_ids.#": "0",
                            "ingress.2214680975.protocol": "tcp",
                            "ingress.2214680975.security_groups.#": "0",
                            "ingress.2214680975.self": "false",
                            "ingress.2214680975.to_port": "80",
                            "name": "cb-load-balancer-security-group",
                            "owner_id": "448811623389",
                            "revoke_rules_on_delete": "false",
                            "tags.%": "0",
                            "vpc_id": "vpc-0d24674dd0c85f8ca"
                        },
                        "meta": {
                            "e2bfb730-ecaa-11e6-8f88-34363bc7c4c0": {
                                "create": 600000000000,
                                "delete": 600000000000
                            },
                            "schema_version": "1"
                        },
                        "tainted": false
                    },
                    "deposed": [],
                    "provider": "provider.aws"
                },
                "aws_subnet.private.0": {
                    "type": "aws_subnet",
                    "depends_on": [
                        "aws_vpc.main",
                        "data.aws_availability_zones.available"
                    ],
                    "primary": {
                        "id": "subnet-014eeb76ca373a1df",
                        "attributes": {
                            "arn": "arn:aws:ec2:us-east-1:448811623389:subnet/subnet-014eeb76ca373a1df",
                            "assign_ipv6_address_on_creation": "false",
                            "availability_zone": "us-east-1a",
                            "availability_zone_id": "use1-az1",
                            "cidr_block": "172.17.0.0/24",
                            "id": "subnet-014eeb76ca373a1df",
                            "ipv6_cidr_block": "",
                            "ipv6_cidr_block_association_id": "",
                            "map_public_ip_on_launch": "false",
                            "owner_id": "448811623389",
                            "tags.%": "0",
                            "vpc_id": "vpc-0d24674dd0c85f8ca"
                        },
                        "meta": {
                            "e2bfb730-ecaa-11e6-8f88-34363bc7c4c0": {
                                "create": 600000000000,
                                "delete": 600000000000
                            },
                            "schema_version": "1"
                        },
                        "tainted": false
                    },
                    "deposed": [],
                    "provider": "provider.aws"
                },
                "aws_subnet.private.1": {
                    "type": "aws_subnet",
                    "depends_on": [
                        "aws_vpc.main",
                        "data.aws_availability_zones.available"
                    ],
                    "primary": {
                        "id": "subnet-009bafdade1db57ee",
                        "attributes": {
                            "arn": "arn:aws:ec2:us-east-1:448811623389:subnet/subnet-009bafdade1db57ee",
                            "assign_ipv6_address_on_creation": "false",
                            "availability_zone": "us-east-1b",
                            "availability_zone_id": "use1-az2",
                            "cidr_block": "172.17.1.0/24",
                            "id": "subnet-009bafdade1db57ee",
                            "ipv6_cidr_block": "",
                            "ipv6_cidr_block_association_id": "",
                            "map_public_ip_on_launch": "false",
                            "owner_id": "448811623389",
                            "tags.%": "0",
                            "vpc_id": "vpc-0d24674dd0c85f8ca"
                        },
                        "meta": {
                            "e2bfb730-ecaa-11e6-8f88-34363bc7c4c0": {
                                "create": 600000000000,
                                "delete": 600000000000
                            },
                            "schema_version": "1"
                        },
                        "tainted": false
                    },
                    "deposed": [],
                    "provider": "provider.aws"
                },
                "aws_subnet.public.0": {
                    "type": "aws_subnet",
                    "depends_on": [
                        "aws_vpc.main",
                        "data.aws_availability_zones.available"
                    ],
                    "primary": {
                        "id": "subnet-0a9d3addd53a9e9fa",
                        "attributes": {
                            "arn": "arn:aws:ec2:us-east-1:448811623389:subnet/subnet-0a9d3addd53a9e9fa",
                            "assign_ipv6_address_on_creation": "false",
                            "availability_zone": "us-east-1a",
                            "availability_zone_id": "use1-az1",
                            "cidr_block": "172.17.2.0/24",
                            "id": "subnet-0a9d3addd53a9e9fa",
                            "ipv6_cidr_block": "",
                            "ipv6_cidr_block_association_id": "",
                            "map_public_ip_on_launch": "true",
                            "owner_id": "448811623389",
                            "tags.%": "0",
                            "vpc_id": "vpc-0d24674dd0c85f8ca"
                        },
                        "meta": {
                            "e2bfb730-ecaa-11e6-8f88-34363bc7c4c0": {
                                "create": 600000000000,
                                "delete": 600000000000
                            },
                            "schema_version": "1"
                        },
                        "tainted": false
                    },
                    "deposed": [],
                    "provider": "provider.aws"
                },
                "aws_subnet.public.1": {
                    "type": "aws_subnet",
                    "depends_on": [
                        "aws_vpc.main",
                        "data.aws_availability_zones.available"
                    ],
                    "primary": {
                        "id": "subnet-0dc79f10f9f063688",
                        "attributes": {
                            "arn": "arn:aws:ec2:us-east-1:448811623389:subnet/subnet-0dc79f10f9f063688",
                            "assign_ipv6_address_on_creation": "false",
                            "availability_zone": "us-east-1b",
                            "availability_zone_id": "use1-az2",
                            "cidr_block": "172.17.3.0/24",
                            "id": "subnet-0dc79f10f9f063688",
                            "ipv6_cidr_block": "",
                            "ipv6_cidr_block_association_id": "",
                            "map_public_ip_on_launch": "true",
                            "owner_id": "448811623389",
                            "tags.%": "0",
                            "vpc_id": "vpc-0d24674dd0c85f8ca"
                        },
                        "meta": {
                            "e2bfb730-ecaa-11e6-8f88-34363bc7c4c0": {
                                "create": 600000000000,
                                "delete": 600000000000
                            },
                            "schema_version": "1"
                        },
                        "tainted": false
                    },
                    "deposed": [],
                    "provider": "provider.aws"
                },
                "aws_vpc.main": {
                    "type": "aws_vpc",
                    "depends_on": [],
                    "primary": {
                        "id": "vpc-0d24674dd0c85f8ca",
                        "attributes": {
                            "arn": "arn:aws:ec2:us-east-1:448811623389:vpc/vpc-0d24674dd0c85f8ca",
                            "assign_generated_ipv6_cidr_block": "false",
                            "cidr_block": "172.17.0.0/16",
                            "default_network_acl_id": "acl-0e91d89bb1fb36a97",
                            "default_route_table_id": "rtb-030bd54ff1b20e3cd",
                            "default_security_group_id": "sg-076cbbba2d09e98e1",
                            "dhcp_options_id": "dopt-86c631fd",
                            "enable_classiclink": "false",
                            "enable_classiclink_dns_support": "false",
                            "enable_dns_hostnames": "false",
                            "enable_dns_support": "true",
                            "id": "vpc-0d24674dd0c85f8ca",
                            "instance_tenancy": "default",
                            "ipv6_association_id": "",
                            "ipv6_cidr_block": "",
                            "main_route_table_id": "rtb-030bd54ff1b20e3cd",
                            "owner_id": "448811623389",
                            "tags.%": "0"
                        },
                        "meta": {
                            "schema_version": "1"
                        },
                        "tainted": false
                    },
                    "deposed": [],
                    "provider": "provider.aws"
                },
                "data.aws_availability_zones.available": {
                    "type": "aws_availability_zones",
                    "depends_on": [],
                    "primary": {
                        "id": "2019-02-03 18:54:54.914801759 +0000 UTC",
                        "attributes": {
                            "id": "2019-02-03 18:54:54.914801759 +0000 UTC",
                            "names.#": "6",
                            "names.0": "us-east-1a",
                            "names.1": "us-east-1b",
                            "names.2": "us-east-1c",
                            "names.3": "us-east-1d",
                            "names.4": "us-east-1e",
                            "names.5": "us-east-1f",
                            "zone_ids.#": "6",
                            "zone_ids.0": "use1-az1",
                            "zone_ids.1": "use1-az2",
                            "zone_ids.2": "use1-az4",
                            "zone_ids.3": "use1-az6",
                            "zone_ids.4": "use1-az3",
                            "zone_ids.5": "use1-az5"
                        },
                        "meta": {},
                        "tainted": false
                    },
                    "deposed": [],
                    "provider": "provider.aws"
                },
                "data.template_file.cb_app": {
                    "type": "template_file",
                    "depends_on": [],
                    "primary": {
                        "id": "c10cf087429fafc565cc04da9262c1a03060b8c2b385dc3e2f21f2e12526deca",
                        "attributes": {
                            "id": "c10cf087429fafc565cc04da9262c1a03060b8c2b385dc3e2f21f2e12526deca",
                            "rendered": "[\n  {\n    \"name\": \"cb-app\",\n    \"image\": \"448811623389.dkr.ecr.us-east-1.amazonaws.com/qa-nginx:latest\",\n    \"cpu\": 1024,\n    \"memory\": 2048,\n    \"networkMode\": \"awsvpc\",\n    \"logConfiguration\": {\n        \"logDriver\": \"awslogs\",\n        \"options\": {\n          \"awslogs-group\": \"/ecs/cb-app\",\n          \"awslogs-region\": \"us-east-1\",\n          \"awslogs-stream-prefix\": \"ecs\"\n        }\n    },\n    \"portMappings\": [\n      {\n        \"containerPort\": 80,\n        \"hostPort\": 80\n      }\n    ]\n  }\n]",
                            "template": "[\n  {\n    \"name\": \"cb-app\",\n    \"image\": \"${app_image}\",\n    \"cpu\": ${fargate_cpu},\n    \"memory\": ${fargate_memory},\n    \"networkMode\": \"awsvpc\",\n    \"logConfiguration\": {\n        \"logDriver\": \"awslogs\",\n        \"options\": {\n          \"awslogs-group\": \"/ecs/cb-app\",\n          \"awslogs-region\": \"${aws_region}\",\n          \"awslogs-stream-prefix\": \"ecs\"\n        }\n    },\n    \"portMappings\": [\n      {\n        \"containerPort\": ${app_port},\n        \"hostPort\": ${app_port}\n      }\n    ]\n  }\n]",
                            "vars.%": "5",
                            "vars.app_image": "448811623389.dkr.ecr.us-east-1.amazonaws.com/qa-nginx:latest",
                            "vars.app_port": "80",
                            "vars.aws_region": "us-east-1",
                            "vars.fargate_cpu": "1024",
                            "vars.fargate_memory": "2048"
                        },
                        "meta": {},
                        "tainted": false
                    },
                    "deposed": [],
                    "provider": "provider.template"
                }
            },
            "depends_on": []
        }
    ]
}
